
Microsoft Visual Studio Solution File, Format Version 12.00
# Visual Studio for Mac
Project("{FAE04EC0-301F-11D3-BF4B-00C04F79EFBC}") = "Assembly-CSharp", "Assembly-CSharp.csproj", "{1290846B-85D7-BF58-8178-D5107B0FCFF4}"
EndProject
Project("{FAE04EC0-301F-11D3-BF4B-00C04F79EFBC}") = "Assembly-CSharp-Editor", "Assembly-CSharp-Editor.csproj", "{F7281B15-65F9-7EC9-086E-845D7E134A98}"
EndProject
Global
	GlobalSection(SolutionConfigurationPlatforms) = preSolution
		Debug|Any CPU = Debug|Any CPU
		Release|Any CPU = Release|Any CPU
	EndGlobalSection
	GlobalSection(ProjectConfigurationPlatforms) = postSolution
		{1290846B-85D7-BF58-8178-D5107B0FCFF4}.Debug|Any CPU.ActiveCfg = Debug|Any CPU
		{1290846B-85D7-BF58-8178-D5107B0FCFF4}.Debug|Any CPU.Build.0 = Debug|Any CPU
		{1290846B-85D7-BF58-8178-D5107B0FCFF4}.Release|Any CPU.ActiveCfg = Release|Any CPU
		{1290846B-85D7-BF58-8178-D5107B0FCFF4}.Release|Any CPU.Build.0 = Release|Any CPU
		{F7281B15-65F9-7EC9-086E-845D7E134A98}.Debug|Any CPU.ActiveCfg = Debug|Any CPU
		{F7281B15-65F9-7EC9-086E-845D7E134A98}.Debug|Any CPU.Build.0 = Debug|Any CPU
		{F7281B15-65F9-7EC9-086E-845D7E134A98}.Release|Any CPU.ActiveCfg = Release|Any CPU
		{F7281B15-65F9-7EC9-086E-845D7E134A98}.Release|Any CPU.Build.0 = Release|Any CPU
	EndGlobalSection
	GlobalSection(SolutionProperties) = preSolution
		HideSolutionNode = FALSE
	EndGlobalSection
EndGlobal
